
Microsoft Visual Studio Solution File, Format Version 12.00
# Visual Studio Version 17
VisualStudioVersion = 17.10.35013.160
MinimumVisualStudioVersion = 10.0.40219.1
Project("{9A19103F-16F7-4668-BE54-9A1E7A4F7556}") = "MonkePhone", "MonkePhone\MonkePhone.csproj", "{5430CEBF-01CF-4E89-9229-5FB9629445E9}"
EndProject
Project("{FAE04EC0-301F-11D3-BF4B-00C04F79EFBC}") = "MonkePhone-Editor", "MonkePhone-Editor\MonkePhone-Editor.csproj", "{FBCDFCFB-C280-48A6-9D9D-A49CCEA95E46}"
EndProject
Global
	GlobalSection(SolutionConfigurationPlatforms) = preSolution
		Debug|Any CPU = Debug|Any CPU
		Release|Any CPU = Release|Any CPU
	EndGlobalSection
	GlobalSection(ProjectConfigurationPlatforms) = postSolution
		{5430CEBF-01CF-4E89-9229-5FB9629445E9}.Debug|Any CPU.ActiveCfg = Debug|Any CPU
		{5430CEBF-01CF-4E89-9229-5FB9629445E9}.Debug|Any CPU.Build.0 = Debug|Any CPU
		{5430CEBF-01CF-4E89-9229-5FB9629445E9}.Release|Any CPU.ActiveCfg = Release|Any CPU
		{5430CEBF-01CF-4E89-9229-5FB9629445E9}.Release|Any CPU.Build.0 = Release|Any CPU
		{FBCDFCFB-C280-48A6-9D9D-A49CCEA95E46}.Debug|Any CPU.ActiveCfg = Debug|Any CPU
		{FBCDFCFB-C280-48A6-9D9D-A49CCEA95E46}.Debug|Any CPU.Build.0 = Debug|Any CPU
		{FBCDFCFB-C280-48A6-9D9D-A49CCEA95E46}.Release|Any CPU.ActiveCfg = Release|Any CPU
		{FBCDFCFB-C280-48A6-9D9D-A49CCEA95E46}.Release|Any CPU.Build.0 = Release|Any CPU
	EndGlobalSection
	GlobalSection(SolutionProperties) = preSolution
		HideSolutionNode = FALSE
	EndGlobalSection
	GlobalSection(ExtensibilityGlobals) = postSolution
		SolutionGuid = {1CD9D0DF-C6E6-4F9C-8E22-E18874A58A01}
	EndGlobalSection
EndGlobal
